// !$*UTF8*$!
{
	archiveVersion = 1;
	classes = {
	};
	objectVersion = 50;
	objects = {

/* Begin PBXBuildFile section */
		D03EAD91242D98A800C3FAC9 /* Collection.swift in Sources */ = {isa = PBXBuildFile; fileRef = D03EAD90242D98A800C3FAC9 /* Collection.swift */; };
		D03EAD93242DA95D00C3FAC9 /* RoomDescriptionView.swift in Sources */ = {isa = PBXBuildFile; fileRef = D03EAD92242DA95D00C3FAC9 /* RoomDescriptionView.swift */; };
		D0DBD4C6242CBBEA00B4A51D /* AppDelegate.swift in Sources */ = {isa = PBXBuildFile; fileRef = D0DBD4C5242CBBEA00B4A51D /* AppDelegate.swift */; };
		D0DBD4C8242CBBEA00B4A51D /* SceneDelegate.swift in Sources */ = {isa = PBXBuildFile; fileRef = D0DBD4C7242CBBEA00B4A51D /* SceneDelegate.swift */; };
		D0DBD4CA242CBBEA00B4A51D /* ContentView.swift in Sources */ = {isa = PBXBuildFile; fileRef = D0DBD4C9242CBBEA00B4A51D /* ContentView.swift */; };
		D0DBD4CC242CBBF600B4A51D /* Assets.xcassets in Resources */ = {isa = PBXBuildFile; fileRef = D0DBD4CB242CBBF600B4A51D /* Assets.xcassets */; };
		D0DBD4CF242CBBF600B4A51D /* Preview Assets.xcassets in Resources */ = {isa = PBXBuildFile; fileRef = D0DBD4CE242CBBF600B4A51D /* Preview Assets.xcassets */; };
		D0DBD4D2242CBBF600B4A51D /* LaunchScreen.storyboard in Resources */ = {isa = PBXBuildFile; fileRef = D0DBD4D0242CBBF600B4A51D /* LaunchScreen.storyboard */; };
/* End PBXBuildFile section */

/* Begin PBXFileReference section */
		D03EAD90242D98A800C3FAC9 /* Collection.swift */ = {isa = PBXFileReference; lastKnownFileType = sourcecode.swift; path = Collection.swift; sourceTree = "<group>"; };
		D03EAD92242DA95D00C3FAC9 /* RoomDescriptionView.swift */ = {isa = PBXFileReference; lastKnownFileType = sourcecode.swift; path = RoomDescriptionView.swift; sourceTree = "<group>"; };
		D0DBD4C2242CBBEA00B4A51D /* ClassBookingApp.app */ = {isa = PBXFileReference; explicitFileType = wrapper.application; includeInIndex = 0; path = ClassBookingApp.app; sourceTree = BUILT_PRODUCTS_DIR; };
		D0DBD4C5242CBBEA00B4A51D /* AppDelegate.swift */ = {isa = PBXFileReference; lastKnownFileType = sourcecode.swift; path = AppDelegate.swift; sourceTree = "<group>"; };
		D0DBD4C7242CBBEA00B4A51D /* SceneDelegate.swift */ = {isa = PBXFileReference; lastKnownFileType = sourcecode.swift; path = SceneDelegate.swift; sourceTree = "<group>"; };
		D0DBD4C9242CBBEA00B4A51D /* ContentView.swift */ = {isa = PBXFileReference; lastKnownFileType = sourcecode.swift; path = ContentView.swift; sourceTree = "<group>"; };
		D0DBD4CB242CBBF600B4A51D /* Assets.xcassets */ = {isa = PBXFileReference; lastKnownFileType = folder.assetcatalog; path = Assets.xcassets; sourceTree = "<group>"; };
		D0DBD4CE242CBBF600B4A51D /* Preview Assets.xcassets */ = {isa = PBXFileReference; lastKnownFileType = folder.assetcatalog; path = "Preview Assets.xcassets"; sourceTree = "<group>"; };
		D0DBD4D1242CBBF600B4A51D /* Base */ = {isa = PBXFileReference; lastKnownFileType = file.storyboard; name = Base; path = Base.lproj/LaunchScreen.storyboard; sourceTree = "<group>"; };
		D0DBD4D3242CBBF600B4A51D /* Info.plist */ = {isa = PBXFileReference; lastKnownFileType = text.plist.xml; path = Info.plist; sourceTree = "<group>"; };
/* End PBXFileReference section */

/* Begin PBXFrameworksBuildPhase section */
		D0DBD4BF242CBBEA00B4A51D /* Frameworks */ = {
			isa = PBXFrameworksBuildPhase;
			buildActionMask = 2147483647;
			files = (
			);
			runOnlyForDeploymentPostprocessing = 0;
		};
/* End PBXFrameworksBuildPhase section */

/* Begin PBXGroup section */
		D0DBD4B9242CBBEA00B4A51D = {
			isa = PBXGroup;
			children = (
				D0DBD4C4242CBBEA00B4A51D /* ClassBookingApp */,
				D0DBD4C3242CBBEA00B4A51D /* Products */,
			);
			sourceTree = "<group>";
		};
		D0DBD4C3242CBBEA00B4A51D /* Products */ = {
			isa = PBXGroup;
			children = (
				D0DBD4C2242CBBEA00B4A51D /* ClassBookingApp.app */,
			);
			name = Products;
			sourceTree = "<group>";
		};
		D0DBD4C4242CBBEA00B4A51D /* ClassBookingApp */ = {
			isa = PBXGroup;
			children = (
				D0DBD4C5242CBBEA00B4A51D /* AppDelegate.swift */,
				D0DBD4C7242CBBEA00B4A51D /* SceneDelegate.swift */,
				D0DBD4C9242CBBEA00B4A51D /* ContentView.swift */,
				D03EAD90242D98A800C3FAC9 /* Collection.swift */,
				D03EAD92242DA95D00C3FAC9 /* RoomDescriptionView.swift */,
				D0DBD4CB242CBBF600B4A51D /* Assets.xcassets */,
				D0DBD4D0242CBBF600B4A51D /* LaunchScreen.storyboard */,
				D0DBD4D3242CBBF600B4A51D /* Info.plist */,
				D0DBD4CD242CBBF600B4A51D /* Preview Content */,
			);
			path = ClassBookingApp;
			sourceTree = "<group>";
		};
		D0DBD4CD242CBBF600B4A51D /* Preview Content */ = {
			isa = PBXGroup;
			children = (
				D0DBD4CE242CBBF600B4A51D /* Preview Assets.xcassets */,
			);
			path = "Preview Content";
			sourceTree = "<group>";
		};
/* End PBXGroup section */

/* Begin PBXNativeTarget section */
		D0DBD4C1242CBBEA00B4A51D /* ClassBookingApp */ = {
			isa = PBXNativeTarget;
			buildConfigurationList = D0DBD4D6242CBBF600B4A51D /* Build configuration list for PBXNativeTarget "ClassBookingApp" */;
			buildPhases = (
				D0DBD4BE242CBBEA00B4A51D /* Sources */,
				D0DBD4BF242CBBEA00B4A51D /* Frameworks */,
				D0DBD4C0242CBBEA00B4A51D /* Resources */,
			);
			buildRules = (
			);
			dependencies = (
			);
			name = ClassBookingApp;
			productName = ClassBookingApp;
			productReference = D0DBD4C2242CBBEA00B4A51D /* ClassBookingApp.app */;
			productType = "com.apple.product-type.application";
		};
/* End PBXNativeTarget section */

/* Begin PBXProject section */
		D0DBD4BA242CBBEA00B4A51D /* Project object */ = {
			isa = PBXProject;
			attributes = {
				LastSwiftUpdateCheck = 1130;
				LastUpgradeCheck = 1130;
				ORGANIZATIONNAME = iOSHomeProjects;
				TargetAttributes = {
					D0DBD4C1242CBBEA00B4A51D = {
						CreatedOnToolsVersion = 11.3.1;
					};
				};
			};
			buildConfigurationList = D0DBD4BD242CBBEA00B4A51D /* Build configuration list for PBXProject "ClassBookingApp" */;
			compatibilityVersion = "Xcode 9.3";
			developmentRegion = en;
			hasScannedForEncodings = 0;
			knownRegions = (
				en,
				Base,
			);
			mainGroup = D0DBD4B9242CBBEA00B4A51D;
			productRefGroup = D0DBD4C3242CBBEA00B4A51D /* Products */;
			projectDirPath = "";
			projectRoot = "";
			targets = (
				D0DBD4C1242CBBEA00B4A51D /* ClassBookingApp */,
			);
		};
/* End PBXProject section */

/* Begin PBXResourcesBuildPhase section */
		D0DBD4C0242CBBEA00B4A51D /* Resources */ = {
			isa = PBXResourcesBuildPhase;
			buildActionMask = 2147483647;
			files = (
				D0DBD4D2242CBBF600B4A51D /* LaunchScreen.storyboard in Resources */,
				D0DBD4CF242CBBF600B4A51D /* Preview Assets.xcassets in Resources */,
				D0DBD4CC242CBBF600B4A51D /* Assets.xcassets in Resources */,
			);
			runOnlyForDeploymentPostprocessing = 0;
		};
/* End PBXResourcesBuildPhase section */

/* Begin PBXSourcesBuildPhase section */
		D0DBD4BE242CBBEA00B4A51D /* Sources */ = {
			isa = PBXSourcesBuildPhase;
			buildActionMask = 2147483647;
			files = (
				D03EAD93242DA95D00C3FAC9 /* RoomDescriptionView.swift in Sources */,
				D0DBD4C6242CBBEA00B4A51D /* AppDelegate.swift in Sources */,
				D0DBD4C8242CBBEA00B4A51D /* SceneDelegate.swift in Sources */,
				D0DBD4CA242CBBEA00B4A51D /* ContentView.swift in Sources */,
				D03EAD91242D98A800C3FAC9 /* Collection.swift in Sources */,
			);
			runOnlyForDeploymentPostprocessing = 0;
		};
/* End PBXSourcesBuildPhase section */

/* Begin PBXVariantGroup section */
		D0DBD4D0242CBBF600B4A51D /* LaunchScreen.storyboard */ = {
			isa = PBXVariantGroup;
			children = (
				D0DBD4D1242CBBF600B4A51D /* Base */,
			);
			name = LaunchScreen.storyboard;
			sourceTree = "<group>";
		};
/* End PBXVariantGroup section */

/* Begin XCBuildConfiguration section */
		D0DBD4D4242CBBF600B4A51D /* Debug */ = {
			isa = XCBuildConfiguration;
			buildSettings = {
				ALWAYS_SEARCH_USER_PATHS = NO;
				CLANG_ANALYZER_NONNULL = YES;
				CLANG_ANALYZER_NUMBER_OBJECT_CONVERSION = YES_AGGRESSIVE;
				CLANG_CXX_LANGUAGE_STANDARD = "gnu++14";
				CLANG_CXX_LIBRARY = "libc++";
				CLANG_ENABLE_MODULES = YES;
				CLANG_ENABLE_OBJC_ARC = YES;
				CLANG_ENABLE_OBJC_WEAK = YES;
				CLANG_WARN_BLOCK_CAPTURE_AUTORELEASING = YES;
				CLANG_WARN_BOOL_CONVERSION = YES;
				CLANG_WARN_COMMA = YES;
				CLANG_WARN_CONSTANT_CONVERSION = YES;
				CLANG_WARN_DEPRECATED_OBJC_IMPLEMENTATIONS = YES;
				CLANG_WARN_DIRECT_OBJC_ISA_USAGE = YES_ERROR;
				CLANG_WARN_DOCUMENTATION_COMMENTS = YES;
				CLANG_WARN_EMPTY_BODY = YES;
				CLANG_WARN_ENUM_CONVERSION = YES;
				CLANG_WARN_INFINITE_RECURSION = YES;
				CLANG_WARN_INT_CONVERSION = YES;
				CLANG_WARN_NON_LITERAL_NULL_CONVERSION = YES;
				CLANG_WARN_OBJC_IMPLICIT_RETAIN_SELF = YES;
				CLANG_WARN_OBJC_LITERAL_CONVERSION = YES;
				CLANG_WARN_OBJC_ROOT_CLASS = YES_ERROR;
				CLANG_WARN_RANGE_LOOP_ANALYSIS = YES;
				CLANG_WARN_STRICT_PROTOTYPES = YES;
				CLANG_WARN_SUSPICIOUS_MOVE = YES;
				CLANG_WARN_UNGUARDED_AVAILABILITY = YES_AGGRESSIVE;
				CLANG_WARN_UNREACHABLE_CODE = YES;
				CLANG_WARN__DUPLICATE_METHOD_MATCH = YES;
				COPY_PHASE_STRIP = NO;
				DEBUG_INFORMATION_FORMAT = dwarf;
				ENABLE_STRICT_OBJC_MSGSEND = YES;
				ENABLE_TESTABILITY = YES;
				GCC_C_LANGUAGE_STANDARD = gnu11;
				GCC_DYNAMIC_NO_PIC = NO;
				GCC_NO_COMMON_BLOCKS = YES;
				GCC_OPTIMIZATION_LEVEL = 0;
				GCC_PREPROCESSOR_DEFINITIONS = (
					"DEBUG=1",
					"$(inherited)",
				);
				GCC_WARN_64_TO_32_BIT_CONVERSION = YES;
				GCC_WARN_ABOUT_RETURN_TYPE = YES_ERROR;
				GCC_WARN_UNDECLARED_SELECTOR = YES;
				GCC_WARN_UNINITIALIZED_AUTOS = YES_AGGRESSIVE;
				GCC_WARN_UNUSED_FUNCTION = YES;
				GCC_WARN_UNUSED_VARIABLE = YES;
				IPHONEOS_DEPLOYMENT_TARGET = 13.2;
				MTL_ENABLE_DEBUG_INFO = INCLUDE_SOURCE;
				MTL_FAST_MATH = YES;
				ONLY_ACTIVE_ARCH = YES;
				SDKROOT = iphoneos;
				SWIFT_ACTIVE_COMPILATION_CONDITIONS = DEBUG;
				SWIFT_OPTIMIZATION_LEVEL = "-Onone";
			};
			name = Debug;
		};
		D0DBD4D5242CBBF600B4A51D /* Release */ = {
			isa = XCBuildConfiguration;
			buildSettings = {
				ALWAYS_SEARCH_USER_PATHS = NO;
				CLANG_ANALYZER_NONNULL = YES;
				CLANG_ANALYZER_NUMBER_OBJECT_CONVERSION = YES_AGGRESSIVE;
				CLANG_CXX_LANGUAGE_STANDARD = "gnu++14";
				CLANG_CXX_LIBRARY = "libc++";
				CLANG_ENABLE_MODULES = YES;
				CLANG_ENABLE_OBJC_ARC = YES;
				CLANG_ENABLE_OBJC_WEAK = YES;
				CLANG_WARN_BLOCK_CAPTURE_AUTORELEASING = YES;
				CLANG_WARN_BOOL_CONVERSION = YES;
				CLANG_WARN_COMMA = YES;
				CLANG_WARN_CONSTANT_CONVERSION = YES;
				CLANG_WARN_DEPRECATED_OBJC_IMPLEMENTATIONS = YES;
				CLANG_WARN_DIRECT_OBJC_ISA_USAGE = YES_ERROR;
				CLANG_WARN_DOCUMENTATION_COMMENTS = YES;
				CLANG_WARN_EMPTY_BODY = YES;
				CLANG_WARN_ENUM_CONVERSION = YES;
				CLANG_WARN_INFINITE_RECURSION = YES;
				CLANG_WARN_INT_CONVERSION = YES;
				CLANG_WARN_NON_LITERAL_NULL_CONVERSION = YES;
				CLANG_WARN_OBJC_IMPLICIT_RETAIN_SELF = YES;
				CLANG_WARN_OBJC_LITERAL_CONVERSION = YES;
				CLANG_WARN_OBJC_ROOT_CLASS = YES_ERROR;
				CLANG_WARN_RANGE_LOOP_ANALYSIS = YES;
				CLANG_WARN_STRICT_PROTOTYPES = YES;
				CLANG_WARN_SUSPICIOUS_MOVE = YES;
				CLANG_WARN_UNGUARDED_AVAILABILITY = YES_AGGRESSIVE;
				CLANG_WARN_UNREACHABLE_CODE = YES;
				CLANG_WARN__DUPLICATE_METHOD_MATCH = YES;
				COPY_PHASE_STRIP = NO;
				DEBUG_INFORMATION_FORMAT = "dwarf-with-dsym";
				ENABLE_NS_ASSERTIONS = NO;
				ENABLE_STRICT_OBJC_MSGSEND = YES;
				GCC_C_LANGUAGE_STANDARD = gnu11;
				GCC_NO_COMMON_BLOCKS = YES;
				GCC_WARN_64_TO_32_BIT_CONVERSION = YES;
				GCC_WARN_ABOUT_RETURN_TYPE = YES_ERROR;
				GCC_WARN_UNDECLARED_SELECTOR = YES;
				GCC_WARN_UNINITIALIZED_AUTOS = YES_AGGRESSIVE;
				GCC_WARN_UNUSED_FUNCTION = YES;
				GCC_WARN_UNUSED_VARIABLE = YES;
				IPHONEOS_DEPLOYMENT_TARGET = 13.2;
				MTL_ENABLE_DEBUG_INFO = NO;
				MTL_FAST_MATH = YES;
				SDKROOT = iphoneos;
				SWIFT_COMPILATION_MODE = wholemodule;
				SWIFT_OPTIMIZATION_LEVEL = "-O";
				VALIDATE_PRODUCT = YES;
			};
			name = Release;
		};
		D0DBD4D7242CBBF600B4A51D /* Debug */ = {
			isa = XCBuildConfiguration;
			buildSettings = {
				ASSETCATALOG_COMPILER_APPICON_NAME = AppIcon;
				CODE_SIGN_STYLE = Automatic;
				DEVELOPMENT_ASSET_PATHS = "\"ClassBookingApp/Preview Content\"";
				DEVELOPMENT_TEAM = 7ASR6X7VZS;
				ENABLE_PREVIEWS = YES;
				INFOPLIST_FILE = ClassBookingApp/Info.plist;
				LD_RUNPATH_SEARCH_PATHS = (
					"$(inherited)",
					"@executable_path/Frameworks",
				);
				PRODUCT_BUNDLE_IDENTIFIER = Alisher.ClassBookingApp;
				PRODUCT_NAME = "$(TARGET_NAME)";
				SWIFT_VERSION = 5.0;
				TARGETED_DEVICE_FAMILY = "1,2";
			};
			name = Debug;
		};
		D0DBD4D8242CBBF600B4A51D /* Release */ = {
			isa = XCBuildConfiguration;
			buildSettings = {
				ASSETCATALOG_COMPILER_APPICON_NAME = AppIcon;
				CODE_SIGN_STYLE = Automatic;
				DEVELOPMENT_ASSET_PATHS = "\"ClassBookingApp/Preview Content\"";
				DEVELOPMENT_TEAM = 7ASR6X7VZS;
				ENABLE_PREVIEWS = YES;
				INFOPLIST_FILE = ClassBookingApp/Info.plist;
				LD_RUNPATH_SEARCH_PATHS = (
					"$(inherited)",
					"@executable_path/Frameworks",
				);
				PRODUCT_BUNDLE_IDENTIFIER = Alisher.ClassBookingApp;
				PRODUCT_NAME = "$(TARGET_NAME)";
				SWIFT_VERSION = 5.0;
				TARGETED_DEVICE_FAMILY = "1,2";
			};
			name = Release;
		};
/* End XCBuildConfiguration section */

/* Begin XCConfigurationList section */
		D0DBD4BD242CBBEA00B4A51D /* Build configuration list for PBXProject "ClassBookingApp" */ = {
			isa = XCConfigurationList;
			buildConfigurations = (
				D0DBD4D4242CBBF600B4A51D /* Debug */,
				D0DBD4D5242CBBF600B4A51D /* Release */,
			);
			defaultConfigurationIsVisible = 0;
			defaultConfigurationName = Release;
		};
		D0DBD4D6242CBBF600B4A51D /* Build configuration list for PBXNativeTarget "ClassBookingApp" */ = {
			isa = XCConfigurationList;
			buildConfigurations = (
				D0DBD4D7242CBBF600B4A51D /* Debug */,
				D0DBD4D8242CBBF600B4A51D /* Release */,
			);
			defaultConfigurationIsVisible = 0;
			defaultConfigurationName = Release;
		};
/* End XCConfigurationList section */
	};
	rootObject = D0DBD4BA242CBBEA00B4A51D /* Project object */;
}
